// !$*UTF8*$!
{
	archiveVersion = 1;
	classes = {
	};
	objectVersion = 55;
	objects = {

/* Begin PBXBuildFile section */
		1972722D2810BBE100FFAB14 /* SimpleDelegateExampleUITests.swift in Sources */ = {isa = PBXBuildFile; fileRef = 1972722C2810BBE100FFAB14 /* SimpleDelegateExampleUITests.swift */; };
		1972722F2810BBE100FFAB14 /* SimpleDelegateExampleUITestsLaunchTests.swift in Sources */ = {isa = PBXBuildFile; fileRef = 1972722E2810BBE100FFAB14 /* SimpleDelegateExampleUITestsLaunchTests.swift */; };
		19CAE929280DDF1900196989 /* AppDelegate.swift in Sources */ = {isa = PBXBuildFile; fileRef = 19CAE928280DDF1900196989 /* AppDelegate.swift */; };
		19CAE92B280DDF1900196989 /* SceneDelegate.swift in Sources */ = {isa = PBXBuildFile; fileRef = 19CAE92A280DDF1900196989 /* SceneDelegate.swift */; };
		19CAE92D280DDF1900196989 /* ViewController.swift in Sources */ = {isa = PBXBuildFile; fileRef = 19CAE92C280DDF1900196989 /* ViewController.swift */; };
		19CAE932280DDF1A00196989 /* Assets.xcassets in Resources */ = {isa = PBXBuildFile; fileRef = 19CAE931280DDF1A00196989 /* Assets.xcassets */; };
		19CAE935280DDF1A00196989 /* LaunchScreen.storyboard in Resources */ = {isa = PBXBuildFile; fileRef = 19CAE933280DDF1A00196989 /* LaunchScreen.storyboard */; };
		19CAE93D280DE06500196989 /* ColorPickerViewController.swift in Sources */ = {isa = PBXBuildFile; fileRef = 19CAE93C280DE06500196989 /* ColorPickerViewController.swift */; };
/* End PBXBuildFile section */

/* Begin PBXContainerItemProxy section */
		197272302810BBE100FFAB14 /* PBXContainerItemProxy */ = {
			isa = PBXContainerItemProxy;
			containerPortal = 19CAE91D280DDF1900196989 /* Project object */;
			proxyType = 1;
			remoteGlobalIDString = 19CAE924280DDF1900196989;
			remoteInfo = SimpleDelegateExample;
		};
/* End PBXContainerItemProxy section */

/* Begin PBXFileReference section */
		1972722A2810BBE100FFAB14 /* SimpleDelegateExampleUITests.xctest */ = {isa = PBXFileReference; explicitFileType = wrapper.cfbundle; includeInIndex = 0; path = SimpleDelegateExampleUITests.xctest; sourceTree = BUILT_PRODUCTS_DIR; };
		1972722C2810BBE100FFAB14 /* SimpleDelegateExampleUITests.swift */ = {isa = PBXFileReference; lastKnownFileType = sourcecode.swift; path = SimpleDelegateExampleUITests.swift; sourceTree = "<group>"; };
		1972722E2810BBE100FFAB14 /* SimpleDelegateExampleUITestsLaunchTests.swift */ = {isa = PBXFileReference; lastKnownFileType = sourcecode.swift; path = SimpleDelegateExampleUITestsLaunchTests.swift; sourceTree = "<group>"; };
		19CAE925280DDF1900196989 /* SimpleDelegateExample.app */ = {isa = PBXFileReference; explicitFileType = wrapper.application; includeInIndex = 0; path = SimpleDelegateExample.app; sourceTree = BUILT_PRODUCTS_DIR; };
		19CAE928280DDF1900196989 /* AppDelegate.swift */ = {isa = PBXFileReference; lastKnownFileType = sourcecode.swift; path = AppDelegate.swift; sourceTree = "<group>"; };
		19CAE92A280DDF1900196989 /* SceneDelegate.swift */ = {isa = PBXFileReference; lastKnownFileType = sourcecode.swift; path = SceneDelegate.swift; sourceTree = "<group>"; };
		19CAE92C280DDF1900196989 /* ViewController.swift */ = {isa = PBXFileReference; lastKnownFileType = sourcecode.swift; path = ViewController.swift; sourceTree = "<group>"; };
		19CAE931280DDF1A00196989 /* Assets.xcassets */ = {isa = PBXFileReference; lastKnownFileType = folder.assetcatalog; path = Assets.xcassets; sourceTree = "<group>"; };
		19CAE934280DDF1A00196989 /* Base */ = {isa = PBXFileReference; lastKnownFileType = file.storyboard; name = Base; path = Base.lproj/LaunchScreen.storyboard; sourceTree = "<group>"; };
		19CAE936280DDF1A00196989 /* Info.plist */ = {isa = PBXFileReference; lastKnownFileType = text.plist.xml; path = Info.plist; sourceTree = "<group>"; };
		19CAE93C280DE06500196989 /* ColorPickerViewController.swift */ = {isa = PBXFileReference; lastKnownFileType = sourcecode.swift; path = ColorPickerViewController.swift; sourceTree = "<group>"; };
/* End PBXFileReference section */

/* Begin PBXFrameworksBuildPhase section */
		197272272810BBE100FFAB14 /* Frameworks */ = {
			isa = PBXFrameworksBuildPhase;
			buildActionMask = 2147483647;
			files = (
			);
			runOnlyForDeploymentPostprocessing = 0;
		};
		19CAE922280DDF1900196989 /* Frameworks */ = {
			isa = PBXFrameworksBuildPhase;
			buildActionMask = 2147483647;
			files = (
			);
			runOnlyForDeploymentPostprocessing = 0;
		};
/* End PBXFrameworksBuildPhase section */

/* Begin PBXGroup section */
		1972722B2810BBE100FFAB14 /* SimpleDelegateExampleUITests */ = {
			isa = PBXGroup;
			children = (
				1972722C2810BBE100FFAB14 /* SimpleDelegateExampleUITests.swift */,
				1972722E2810BBE100FFAB14 /* SimpleDelegateExampleUITestsLaunchTests.swift */,
			);
			path = SimpleDelegateExampleUITests;
			sourceTree = "<group>";
		};
		19CAE91C280DDF1900196989 = {
			isa = PBXGroup;
			children = (
				19CAE927280DDF1900196989 /* SimpleDelegateExample */,
				1972722B2810BBE100FFAB14 /* SimpleDelegateExampleUITests */,
				19CAE926280DDF1900196989 /* Products */,
			);
			sourceTree = "<group>";
		};
		19CAE926280DDF1900196989 /* Products */ = {
			isa = PBXGroup;
			children = (
				19CAE925280DDF1900196989 /* SimpleDelegateExample.app */,
				1972722A2810BBE100FFAB14 /* SimpleDelegateExampleUITests.xctest */,
			);
			name = Products;
			sourceTree = "<group>";
		};
		19CAE927280DDF1900196989 /* SimpleDelegateExample */ = {
			isa = PBXGroup;
			children = (
				19CAE928280DDF1900196989 /* AppDelegate.swift */,
				19CAE92A280DDF1900196989 /* SceneDelegate.swift */,
				19CAE92C280DDF1900196989 /* ViewController.swift */,
				19CAE93C280DE06500196989 /* ColorPickerViewController.swift */,
				19CAE931280DDF1A00196989 /* Assets.xcassets */,
				19CAE933280DDF1A00196989 /* LaunchScreen.storyboard */,
				19CAE936280DDF1A00196989 /* Info.plist */,
			);
			path = SimpleDelegateExample;
			sourceTree = "<group>";
		};
/* End PBXGroup section */

/* Begin PBXNativeTarget section */
		197272292810BBE100FFAB14 /* SimpleDelegateExampleUITests */ = {
			isa = PBXNativeTarget;
			buildConfigurationList = 197272342810BBE100FFAB14 /* Build configuration list for PBXNativeTarget "SimpleDelegateExampleUITests" */;
			buildPhases = (
				197272262810BBE100FFAB14 /* Sources */,
				197272272810BBE100FFAB14 /* Frameworks */,
				197272282810BBE100FFAB14 /* Resources */,
			);
			buildRules = (
			);
			dependencies = (
				197272312810BBE100FFAB14 /* PBXTargetDependency */,
			);
			name = SimpleDelegateExampleUITests;
			productName = SimpleDelegateExampleUITests;
			productReference = 1972722A2810BBE100FFAB14 /* SimpleDelegateExampleUITests.xctest */;
			productType = "com.apple.product-type.bundle.ui-testing";
		};
		19CAE924280DDF1900196989 /* SimpleDelegateExample */ = {
			isa = PBXNativeTarget;
			buildConfigurationList = 19CAE939280DDF1A00196989 /* Build configuration list for PBXNativeTarget "SimpleDelegateExample" */;
			buildPhases = (
				19CAE921280DDF1900196989 /* Sources */,
				19CAE922280DDF1900196989 /* Frameworks */,
				19CAE923280DDF1900196989 /* Resources */,
			);
			buildRules = (
			);
			dependencies = (
			);
			name = SimpleDelegateExample;
			productName = SimpleDelegateExample;
			productReference = 19CAE925280DDF1900196989 /* SimpleDelegateExample.app */;
			productType = "com.apple.product-type.application";
		};
/* End PBXNativeTarget section */

/* Begin PBXProject section */
		19CAE91D280DDF1900196989 /* Project object */ = {
			isa = PBXProject;
			attributes = {
				BuildIndependentTargetsInParallel = 1;
				LastSwiftUpdateCheck = 1330;
				LastUpgradeCheck = 1330;
				TargetAttributes = {
					197272292810BBE100FFAB14 = {
						CreatedOnToolsVersion = 13.3.1;
						TestTargetID = 19CAE924280DDF1900196989;
					};
					19CAE924280DDF1900196989 = {
						CreatedOnToolsVersion = 13.3.1;
					};
				};
			};
			buildConfigurationList = 19CAE920280DDF1900196989 /* Build configuration list for PBXProject "SimpleDelegateExample" */;
			compatibilityVersion = "Xcode 13.0";
			developmentRegion = en;
			hasScannedForEncodings = 0;
			knownRegions = (
				en,
				Base,
			);
			mainGroup = 19CAE91C280DDF1900196989;
			productRefGroup = 19CAE926280DDF1900196989 /* Products */;
			projectDirPath = "";
			projectRoot = "";
			targets = (
				19CAE924280DDF1900196989 /* SimpleDelegateExample */,
				197272292810BBE100FFAB14 /* SimpleDelegateExampleUITests */,
			);
		};
/* End PBXProject section */

/* Begin PBXResourcesBuildPhase section */
		197272282810BBE100FFAB14 /* Resources */ = {
			isa = PBXResourcesBuildPhase;
			buildActionMask = 2147483647;
			files = (
			);
			runOnlyForDeploymentPostprocessing = 0;
		};
		19CAE923280DDF1900196989 /* Resources */ = {
			isa = PBXResourcesBuildPhase;
			buildActionMask = 2147483647;
			files = (
				19CAE935280DDF1A00196989 /* LaunchScreen.storyboard in Resources */,
				19CAE932280DDF1A00196989 /* Assets.xcassets in Resources */,
			);
			runOnlyForDeploymentPostprocessing = 0;
		};
/* End PBXResourcesBuildPhase section */

/* Begin PBXSourcesBuildPhase section */
		197272262810BBE100FFAB14 /* Sources */ = {
			isa = PBXSourcesBuildPhase;
			buildActionMask = 2147483647;
			files = (
				1972722F2810BBE100FFAB14 /* SimpleDelegateExampleUITestsLaunchTests.swift in Sources */,
				1972722D2810BBE100FFAB14 /* SimpleDelegateExampleUITests.swift in Sources */,
			);
			runOnlyForDeploymentPostprocessing = 0;
		};
		19CAE921280DDF1900196989 /* Sources */ = {
			isa = PBXSourcesBuildPhase;
			buildActionMask = 2147483647;
			files = (
				19CAE92D280DDF1900196989 /* ViewController.swift in Sources */,
				19CAE929280DDF1900196989 /* AppDelegate.swift in Sources */,
				19CAE93D280DE06500196989 /* ColorPickerViewController.swift in Sources */,
				19CAE92B280DDF1900196989 /* SceneDelegate.swift in Sources */,
			);
			runOnlyForDeploymentPostprocessing = 0;
		};
/* End PBXSourcesBuildPhase section */

/* Begin PBXTargetDependency section */
		197272312810BBE100FFAB14 /* PBXTargetDependency */ = {
			isa = PBXTargetDependency;
			target = 19CAE924280DDF1900196989 /* SimpleDelegateExample */;
			targetProxy = 197272302810BBE100FFAB14 /* PBXContainerItemProxy */;
		};
/* End PBXTargetDependency section */

/* Begin PBXVariantGroup section */
		19CAE933280DDF1A00196989 /* LaunchScreen.storyboard */ = {
			isa = PBXVariantGroup;
			children = (
				19CAE934280DDF1A00196989 /* Base */,
			);
			name = LaunchScreen.storyboard;
			sourceTree = "<group>";
		};
/* End PBXVariantGroup section */

/* Begin XCBuildConfiguration section */
		197272322810BBE100FFAB14 /* Debug */ = {
			isa = XCBuildConfiguration;
			buildSettings = {
				CODE_SIGN_STYLE = Automatic;
				CURRENT_PROJECT_VERSION = 1;
				DEVELOPMENT_TEAM = Z4PM8J443B;
				GENERATE_INFOPLIST_FILE = YES;
				MARKETING_VERSION = 1.0;
				PRODUCT_BUNDLE_IDENTIFIER = KadeWalter.SimpleDelegateExampleUITests;
				PRODUCT_NAME = "$(TARGET_NAME)";
				SWIFT_EMIT_LOC_STRINGS = NO;
				SWIFT_VERSION = 5.0;
				TARGETED_DEVICE_FAMILY = "1,2";
				TEST_TARGET_NAME = SimpleDelegateExample;
			};
			name = Debug;
		};
		197272332810BBE100FFAB14 /* Release */ = {
			isa = XCBuildConfiguration;
			buildSettings = {
				CODE_SIGN_STYLE = Automatic;
				CURRENT_PROJECT_VERSION = 1;
				DEVELOPMENT_TEAM = Z4PM8J443B;
				GENERATE_INFOPLIST_FILE = YES;
				MARKETING_VERSION = 1.0;
				PRODUCT_BUNDLE_IDENTIFIER = KadeWalter.SimpleDelegateExampleUITests;
				PRODUCT_NAME = "$(TARGET_NAME)";
				SWIFT_EMIT_LOC_STRINGS = NO;
				SWIFT_VERSION = 5.0;
				TARGETED_DEVICE_FAMILY = "1,2";
				TEST_TARGET_NAME = SimpleDelegateExample;
			};
			name = Release;
		};
		19CAE937280DDF1A00196989 /* Debug */ = {
			isa = XCBuildConfiguration;
			buildSettings = {
				ALWAYS_SEARCH_USER_PATHS = NO;
				CLANG_ANALYZER_NONNULL = YES;
				CLANG_ANALYZER_NUMBER_OBJECT_CONVERSION = YES_AGGRESSIVE;
				CLANG_CXX_LANGUAGE_STANDARD = "gnu++17";
				CLANG_ENABLE_MODULES = YES;
				CLANG_ENABLE_OBJC_ARC = YES;
				CLANG_ENABLE_OBJC_WEAK = YES;
				CLANG_WARN_BLOCK_CAPTURE_AUTORELEASING = YES;
				CLANG_WARN_BOOL_CONVERSION = YES;
				CLANG_WARN_COMMA = YES;
				CLANG_WARN_CONSTANT_CONVERSION = YES;
				CLANG_WARN_DEPRECATED_OBJC_IMPLEMENTATIONS = YES;
				CLANG_WARN_DIRECT_OBJC_ISA_USAGE = YES_ERROR;
				CLANG_WARN_DOCUMENTATION_COMMENTS = YES;
				CLANG_WARN_EMPTY_BODY = YES;
				CLANG_WARN_ENUM_CONVERSION = YES;
				CLANG_WARN_INFINITE_RECURSION = YES;
				CLANG_WARN_INT_CONVERSION = YES;
				CLANG_WARN_NON_LITERAL_NULL_CONVERSION = YES;
				CLANG_WARN_OBJC_IMPLICIT_RETAIN_SELF = YES;
				CLANG_WARN_OBJC_LITERAL_CONVERSION = YES;
				CLANG_WARN_OBJC_ROOT_CLASS = YES_ERROR;
				CLANG_WARN_QUOTED_INCLUDE_IN_FRAMEWORK_HEADER = YES;
				CLANG_WARN_RANGE_LOOP_ANALYSIS = YES;
				CLANG_WARN_STRICT_PROTOTYPES = YES;
				CLANG_WARN_SUSPICIOUS_MOVE = YES;
				CLANG_WARN_UNGUARDED_AVAILABILITY = YES_AGGRESSIVE;
				CLANG_WARN_UNREACHABLE_CODE = YES;
				CLANG_WARN__DUPLICATE_METHOD_MATCH = YES;
				COPY_PHASE_STRIP = NO;
				DEBUG_INFORMATION_FORMAT = dwarf;
				ENABLE_STRICT_OBJC_MSGSEND = YES;
				ENABLE_TESTABILITY = YES;
				GCC_C_LANGUAGE_STANDARD = gnu11;
				GCC_DYNAMIC_NO_PIC = NO;
				GCC_NO_COMMON_BLOCKS = YES;
				GCC_OPTIMIZATION_LEVEL = 0;
				GCC_PREPROCESSOR_DEFINITIONS = (
					"DEBUG=1",
					"$(inherited)",
				);
				GCC_WARN_64_TO_32_BIT_CONVERSION = YES;
				GCC_WARN_ABOUT_RETURN_TYPE = YES_ERROR;
				GCC_WARN_UNDECLARED_SELECTOR = YES;
				GCC_WARN_UNINITIALIZED_AUTOS = YES_AGGRESSIVE;
				GCC_WARN_UNUSED_FUNCTION = YES;
				GCC_WARN_UNUSED_VARIABLE = YES;
				IPHONEOS_DEPLOYMENT_TARGET = 15.4;
				MTL_ENABLE_DEBUG_INFO = INCLUDE_SOURCE;
				MTL_FAST_MATH = YES;
				ONLY_ACTIVE_ARCH = YES;
				SDKROOT = iphoneos;
				SWIFT_ACTIVE_COMPILATION_CONDITIONS = DEBUG;
				SWIFT_OPTIMIZATION_LEVEL = "-Onone";
			};
			name = Debug;
		};
		19CAE938280DDF1A00196989 /* Release */ = {
			isa = XCBuildConfiguration;
			buildSettings = {
				ALWAYS_SEARCH_USER_PATHS = NO;
				CLANG_ANALYZER_NONNULL = YES;
				CLANG_ANALYZER_NUMBER_OBJECT_CONVERSION = YES_AGGRESSIVE;
				CLANG_CXX_LANGUAGE_STANDARD = "gnu++17";
				CLANG_ENABLE_MODULES = YES;
				CLANG_ENABLE_OBJC_ARC = YES;
				CLANG_ENABLE_OBJC_WEAK = YES;
				CLANG_WARN_BLOCK_CAPTURE_AUTORELEASING = YES;
				CLANG_WARN_BOOL_CONVERSION = YES;
				CLANG_WARN_COMMA = YES;
				CLANG_WARN_CONSTANT_CONVERSION = YES;
				CLANG_WARN_DEPRECATED_OBJC_IMPLEMENTATIONS = YES;
				CLANG_WARN_DIRECT_OBJC_ISA_USAGE = YES_ERROR;
				CLANG_WARN_DOCUMENTATION_COMMENTS = YES;
				CLANG_WARN_EMPTY_BODY = YES;
				CLANG_WARN_ENUM_CONVERSION = YES;
				CLANG_WARN_INFINITE_RECURSION = YES;
				CLANG_WARN_INT_CONVERSION = YES;
				CLANG_WARN_NON_LITERAL_NULL_CONVERSION = YES;
				CLANG_WARN_OBJC_IMPLICIT_RETAIN_SELF = YES;
				CLANG_WARN_OBJC_LITERAL_CONVERSION = YES;
				CLANG_WARN_OBJC_ROOT_CLASS = YES_ERROR;
				CLANG_WARN_QUOTED_INCLUDE_IN_FRAMEWORK_HEADER = YES;
				CLANG_WARN_RANGE_LOOP_ANALYSIS = YES;
				CLANG_WARN_STRICT_PROTOTYPES = YES;
				CLANG_WARN_SUSPICIOUS_MOVE = YES;
				CLANG_WARN_UNGUARDED_AVAILABILITY = YES_AGGRESSIVE;
				CLANG_WARN_UNREACHABLE_CODE = YES;
				CLANG_WARN__DUPLICATE_METHOD_MATCH = YES;
				COPY_PHASE_STRIP = NO;
				DEBUG_INFORMATION_FORMAT = "dwarf-with-dsym";
				ENABLE_NS_ASSERTIONS = NO;
				ENABLE_STRICT_OBJC_MSGSEND = YES;
				GCC_C_LANGUAGE_STANDARD = gnu11;
				GCC_NO_COMMON_BLOCKS = YES;
				GCC_WARN_64_TO_32_BIT_CONVERSION = YES;
				GCC_WARN_ABOUT_RETURN_TYPE = YES_ERROR;
				GCC_WARN_UNDECLARED_SELECTOR = YES;
				GCC_WARN_UNINITIALIZED_AUTOS = YES_AGGRESSIVE;
				GCC_WARN_UNUSED_FUNCTION = YES;
				GCC_WARN_UNUSED_VARIABLE = YES;
				IPHONEOS_DEPLOYMENT_TARGET = 15.4;
				MTL_ENABLE_DEBUG_INFO = NO;
				MTL_FAST_MATH = YES;
				SDKROOT = iphoneos;
				SWIFT_COMPILATION_MODE = wholemodule;
				SWIFT_OPTIMIZATION_LEVEL = "-O";
				VALIDATE_PRODUCT = YES;
			};
			name = Release;
		};
		19CAE93A280DDF1A00196989 /* Debug */ = {
			isa = XCBuildConfiguration;
			buildSettings = {
				ASSETCATALOG_COMPILER_APPICON_NAME = AppIcon;
				ASSETCATALOG_COMPILER_GLOBAL_ACCENT_COLOR_NAME = AccentColor;
				CODE_SIGN_STYLE = Automatic;
				CURRENT_PROJECT_VERSION = 1;
				DEVELOPMENT_TEAM = Z4PM8J443B;
				GENERATE_INFOPLIST_FILE = YES;
				INFOPLIST_FILE = SimpleDelegateExample/Info.plist;
				INFOPLIST_KEY_UIApplicationSupportsIndirectInputEvents = YES;
				INFOPLIST_KEY_UILaunchStoryboardName = LaunchScreen;
				INFOPLIST_KEY_UISupportedInterfaceOrientations_iPad = "UIInterfaceOrientationPortrait UIInterfaceOrientationPortraitUpsideDown UIInterfaceOrientationLandscapeLeft UIInterfaceOrientationLandscapeRight";
				INFOPLIST_KEY_UISupportedInterfaceOrientations_iPhone = "UIInterfaceOrientationPortrait UIInterfaceOrientationLandscapeLeft UIInterfaceOrientationLandscapeRight";
				LD_RUNPATH_SEARCH_PATHS = (
					"$(inherited)",
					"@executable_path/Frameworks",
				);
				MARKETING_VERSION = 1.0;
				PRODUCT_BUNDLE_IDENTIFIER = KadeWalter.SimpleDelegateExample;
				PRODUCT_NAME = "$(TARGET_NAME)";
				SWIFT_EMIT_LOC_STRINGS = YES;
				SWIFT_VERSION = 5.0;
				TARGETED_DEVICE_FAMILY = "1,2";
			};
			name = Debug;
		};
		19CAE93B280DDF1A00196989 /* Release */ = {
			isa = XCBuildConfiguration;
			buildSettings = {
				ASSETCATALOG_COMPILER_APPICON_NAME = AppIcon;
				ASSETCATALOG_COMPILER_GLOBAL_ACCENT_COLOR_NAME = AccentColor;
				CODE_SIGN_STYLE = Automatic;
				CURRENT_PROJECT_VERSION = 1;
				DEVELOPMENT_TEAM = Z4PM8J443B;
				GENERATE_INFOPLIST_FILE = YES;
				INFOPLIST_FILE = SimpleDelegateExample/Info.plist;
				INFOPLIST_KEY_UIApplicationSupportsIndirectInputEvents = YES;
				INFOPLIST_KEY_UILaunchStoryboardName = LaunchScreen;
				INFOPLIST_KEY_UISupportedInterfaceOrientations_iPad = "UIInterfaceOrientationPortrait UIInterfaceOrientationPortraitUpsideDown UIInterfaceOrientationLandscapeLeft UIInterfaceOrientationLandscapeRight";
				INFOPLIST_KEY_UISupportedInterfaceOrientations_iPhone = "UIInterfaceOrientationPortrait UIInterfaceOrientationLandscapeLeft UIInterfaceOrientationLandscapeRight";
				LD_RUNPATH_SEARCH_PATHS = (
					"$(inherited)",
					"@executable_path/Frameworks",
				);
				MARKETING_VERSION = 1.0;
				PRODUCT_BUNDLE_IDENTIFIER = KadeWalter.SimpleDelegateExample;
				PRODUCT_NAME = "$(TARGET_NAME)";
				SWIFT_EMIT_LOC_STRINGS = YES;
				SWIFT_VERSION = 5.0;
				TARGETED_DEVICE_FAMILY = "1,2";
			};
			name = Release;
		};
/* End XCBuildConfiguration section */

/* Begin XCConfigurationList section */
		197272342810BBE100FFAB14 /* Build configuration list for PBXNativeTarget "SimpleDelegateExampleUITests" */ = {
			isa = XCConfigurationList;
			buildConfigurations = (
				197272322810BBE100FFAB14 /* Debug */,
				197272332810BBE100FFAB14 /* Release */,
			);
			defaultConfigurationIsVisible = 0;
			defaultConfigurationName = Release;
		};
		19CAE920280DDF1900196989 /* Build configuration list for PBXProject "SimpleDelegateExample" */ = {
			isa = XCConfigurationList;
			buildConfigurations = (
				19CAE937280DDF1A00196989 /* Debug */,
				19CAE938280DDF1A00196989 /* Release */,
			);
			defaultConfigurationIsVisible = 0;
			defaultConfigurationName = Release;
		};
		19CAE939280DDF1A00196989 /* Build configuration list for PBXNativeTarget "SimpleDelegateExample" */ = {
			isa = XCConfigurationList;
			buildConfigurations = (
				19CAE93A280DDF1A00196989 /* Debug */,
				19CAE93B280DDF1A00196989 /* Release */,
			);
			defaultConfigurationIsVisible = 0;
			defaultConfigurationName = Release;
		};
/* End XCConfigurationList section */
	};
	rootObject = 19CAE91D280DDF1900196989 /* Project object */;
}
